
Microsoft Visual Studio Solution File, Format Version 12.00
# Visual Studio Version 16
VisualStudioVersion = 16.0.29411.108
MinimumVisualStudioVersion = 10.0.40219.1
Project("{9A19103F-16F7-4668-BE54-9A1E7A4F7556}") = "New_Three", "New_Three.csproj", "{78ADF7D4-E0F0-4CEF-8062-9E06AE08DC18}"
EndProject
Global
	GlobalSection(SolutionConfigurationPlatforms) = preSolution
		Debug|Any CPU = Debug|Any CPU
		Release|Any CPU = Release|Any CPU
	EndGlobalSection
	GlobalSection(ProjectConfigurationPlatforms) = postSolution
		{78ADF7D4-E0F0-4CEF-8062-9E06AE08DC18}.Debug|Any CPU.ActiveCfg = Debug|Any CPU
		{78ADF7D4-E0F0-4CEF-8062-9E06AE08DC18}.Debug|Any CPU.Build.0 = Debug|Any CPU
		{78ADF7D4-E0F0-4CEF-8062-9E06AE08DC18}.Release|Any CPU.ActiveCfg = Release|Any CPU
		{78ADF7D4-E0F0-4CEF-8062-9E06AE08DC18}.Release|Any CPU.Build.0 = Release|Any CPU
	EndGlobalSection
	GlobalSection(SolutionProperties) = preSolution
		HideSolutionNode = FALSE
	EndGlobalSection
	GlobalSection(ExtensibilityGlobals) = postSolution
		SolutionGuid = {A89F2C88-9CBC-40BA-9FAF-776DF583924D}
	EndGlobalSection
EndGlobal
